
Microsoft Visual Studio Solution File, Format Version 12.00
# Visual Studio 15
VisualStudioVersion = 15.0.26124.0
MinimumVisualStudioVersion = 15.0.26124.0
Project("{2150E333-8FDC-42A3-9474-1A3956D46DE8}") = "src", "src", "{184DF859-5D1D-4248-9FCA-79A652AF5CDE}"
EndProject
Project("{FAE04EC0-301F-11D3-BF4B-00C04F79EFBC}") = "DotnetIgnoreCliTool", "src\DotnetIgnoreCliTool\DotnetIgnoreCliTool.csproj", "{3290AF8A-E7E8-410A-A213-07407013F18C}"
EndProject
Global
	GlobalSection(SolutionConfigurationPlatforms) = preSolution
		Debug|Any CPU = Debug|Any CPU
		Debug|x64 = Debug|x64
		Debug|x86 = Debug|x86
		Release|Any CPU = Release|Any CPU
		Release|x64 = Release|x64
		Release|x86 = Release|x86
	EndGlobalSection
	GlobalSection(SolutionProperties) = preSolution
		HideSolutionNode = FALSE
	EndGlobalSection
	GlobalSection(ProjectConfigurationPlatforms) = postSolution
		{3290AF8A-E7E8-410A-A213-07407013F18C}.Debug|Any CPU.ActiveCfg = Debug|Any CPU
		{3290AF8A-E7E8-410A-A213-07407013F18C}.Debug|Any CPU.Build.0 = Debug|Any CPU
		{3290AF8A-E7E8-410A-A213-07407013F18C}.Debug|x64.ActiveCfg = Debug|Any CPU
		{3290AF8A-E7E8-410A-A213-07407013F18C}.Debug|x64.Build.0 = Debug|Any CPU
		{3290AF8A-E7E8-410A-A213-07407013F18C}.Debug|x86.ActiveCfg = Debug|Any CPU
		{3290AF8A-E7E8-410A-A213-07407013F18C}.Debug|x86.Build.0 = Debug|Any CPU
		{3290AF8A-E7E8-410A-A213-07407013F18C}.Release|Any CPU.ActiveCfg = Release|Any CPU
		{3290AF8A-E7E8-410A-A213-07407013F18C}.Release|Any CPU.Build.0 = Release|Any CPU
		{3290AF8A-E7E8-410A-A213-07407013F18C}.Release|x64.ActiveCfg = Release|Any CPU
		{3290AF8A-E7E8-410A-A213-07407013F18C}.Release|x64.Build.0 = Release|Any CPU
		{3290AF8A-E7E8-410A-A213-07407013F18C}.Release|x86.ActiveCfg = Release|Any CPU
		{3290AF8A-E7E8-410A-A213-07407013F18C}.Release|x86.Build.0 = Release|Any CPU
	EndGlobalSection
	GlobalSection(NestedProjects) = preSolution
		{3290AF8A-E7E8-410A-A213-07407013F18C} = {184DF859-5D1D-4248-9FCA-79A652AF5CDE}
	EndGlobalSection
EndGlobal
