
Microsoft Visual Studio Solution File, Format Version 12.00
# Visual Studio 15
VisualStudioVersion = 15.0.26124.0
MinimumVisualStudioVersion = 15.0.26124.0
Project("{2150E333-8FDC-42A3-9474-1A3956D46DE8}") = "src", "src", "{184DF859-5D1D-4248-9FCA-79A652AF5CDE}"
EndProject
Project("{2150E333-8FDC-42A3-9474-1A3956D46DE8}") = "test", "test", "{07166E86-EFC8-4EFA-87B0-EF63553A6157}"
EndProject
Project("{9A19103F-16F7-4668-BE54-9A1E7A4F7556}") = "DotnetIgnoreCliToolTests", "test\DotnetIgnoreCliToolTests\DotnetIgnoreCliToolTests.csproj", "{EC16E465-C921-4025-ACE6-4F90084655EB}"
EndProject
Project("{FAE04EC0-301F-11D3-BF4B-00C04F79EFBC}") = "CliTool", "src\CliTool\CliTool.csproj", "{31053B65-60B4-4013-8AAB-50447B0554BA}"
EndProject
Global
	GlobalSection(SolutionConfigurationPlatforms) = preSolution
		Debug|Any CPU = Debug|Any CPU
		Debug|x64 = Debug|x64
		Debug|x86 = Debug|x86
		Release|Any CPU = Release|Any CPU
		Release|x64 = Release|x64
		Release|x86 = Release|x86
	EndGlobalSection
	GlobalSection(ProjectConfigurationPlatforms) = postSolution
		{EC16E465-C921-4025-ACE6-4F90084655EB}.Debug|Any CPU.ActiveCfg = Debug|Any CPU
		{EC16E465-C921-4025-ACE6-4F90084655EB}.Debug|Any CPU.Build.0 = Debug|Any CPU
		{EC16E465-C921-4025-ACE6-4F90084655EB}.Debug|x64.ActiveCfg = Debug|Any CPU
		{EC16E465-C921-4025-ACE6-4F90084655EB}.Debug|x64.Build.0 = Debug|Any CPU
		{EC16E465-C921-4025-ACE6-4F90084655EB}.Debug|x86.ActiveCfg = Debug|Any CPU
		{EC16E465-C921-4025-ACE6-4F90084655EB}.Debug|x86.Build.0 = Debug|Any CPU
		{EC16E465-C921-4025-ACE6-4F90084655EB}.Release|Any CPU.ActiveCfg = Release|Any CPU
		{EC16E465-C921-4025-ACE6-4F90084655EB}.Release|Any CPU.Build.0 = Release|Any CPU
		{EC16E465-C921-4025-ACE6-4F90084655EB}.Release|x64.ActiveCfg = Release|Any CPU
		{EC16E465-C921-4025-ACE6-4F90084655EB}.Release|x64.Build.0 = Release|Any CPU
		{EC16E465-C921-4025-ACE6-4F90084655EB}.Release|x86.ActiveCfg = Release|Any CPU
		{EC16E465-C921-4025-ACE6-4F90084655EB}.Release|x86.Build.0 = Release|Any CPU
		{31053B65-60B4-4013-8AAB-50447B0554BA}.Debug|Any CPU.ActiveCfg = Debug|Any CPU
		{31053B65-60B4-4013-8AAB-50447B0554BA}.Debug|Any CPU.Build.0 = Debug|Any CPU
		{31053B65-60B4-4013-8AAB-50447B0554BA}.Debug|x64.ActiveCfg = Debug|Any CPU
		{31053B65-60B4-4013-8AAB-50447B0554BA}.Debug|x64.Build.0 = Debug|Any CPU
		{31053B65-60B4-4013-8AAB-50447B0554BA}.Debug|x86.ActiveCfg = Debug|Any CPU
		{31053B65-60B4-4013-8AAB-50447B0554BA}.Debug|x86.Build.0 = Debug|Any CPU
		{31053B65-60B4-4013-8AAB-50447B0554BA}.Release|Any CPU.ActiveCfg = Release|Any CPU
		{31053B65-60B4-4013-8AAB-50447B0554BA}.Release|Any CPU.Build.0 = Release|Any CPU
		{31053B65-60B4-4013-8AAB-50447B0554BA}.Release|x64.ActiveCfg = Release|Any CPU
		{31053B65-60B4-4013-8AAB-50447B0554BA}.Release|x64.Build.0 = Release|Any CPU
		{31053B65-60B4-4013-8AAB-50447B0554BA}.Release|x86.ActiveCfg = Release|Any CPU
		{31053B65-60B4-4013-8AAB-50447B0554BA}.Release|x86.Build.0 = Release|Any CPU
	EndGlobalSection
	GlobalSection(SolutionProperties) = preSolution
		HideSolutionNode = FALSE
	EndGlobalSection
	GlobalSection(NestedProjects) = preSolution
		{EC16E465-C921-4025-ACE6-4F90084655EB} = {07166E86-EFC8-4EFA-87B0-EF63553A6157}
		{31053B65-60B4-4013-8AAB-50447B0554BA} = {184DF859-5D1D-4248-9FCA-79A652AF5CDE}
	EndGlobalSection
	GlobalSection(ExtensibilityGlobals) = postSolution
		SolutionGuid = {6A8B159E-E4D6-4F41-99A0-E60D4DB8B887}
	EndGlobalSection
EndGlobal
